
Microsoft Visual Studio Solution File, Format Version 12.00
# Visual Studio Version 16
VisualStudioVersion = 16.0.29613.14
MinimumVisualStudioVersion = 10.0.40219.1
Project("{FAE04EC0-301F-11D3-BF4B-00C04F79EFBC}") = "POS", "POS\POS.csproj", "{D4790998-4F92-4D73-A58E-C7198D7FFEE7}"
EndProject
Global
	GlobalSection(SolutionConfigurationPlatforms) = preSolution
		Debug|Any CPU = Debug|Any CPU
		Release|Any CPU = Release|Any CPU
	EndGlobalSection
	GlobalSection(ProjectConfigurationPlatforms) = postSolution
		{D4790998-4F92-4D73-A58E-C7198D7FFEE7}.Debug|Any CPU.ActiveCfg = Debug|Any CPU
		{D4790998-4F92-4D73-A58E-C7198D7FFEE7}.Debug|Any CPU.Build.0 = Debug|Any CPU
		{D4790998-4F92-4D73-A58E-C7198D7FFEE7}.Release|Any CPU.ActiveCfg = Release|Any CPU
		{D4790998-4F92-4D73-A58E-C7198D7FFEE7}.Release|Any CPU.Build.0 = Release|Any CPU
	EndGlobalSection
	GlobalSection(SolutionProperties) = preSolution
		HideSolutionNode = FALSE
	EndGlobalSection
	GlobalSection(ExtensibilityGlobals) = postSolution
		SolutionGuid = {EACABFEF-BA07-46B0-92D3-913915FADE92}
	EndGlobalSection
EndGlobal
